// !$*UTF8*$!
{
	archiveVersion = 1;
	classes = {
	};
	objectVersion = 56;
	objects = {

/* Begin PBXBuildFile section */
		61130D0F2BD7C1CA002D03C1 /* PlaceInfoView.swift in Sources */ = {isa = PBXBuildFile; fileRef = 61130D0E2BD7C1CA002D03C1 /* PlaceInfoView.swift */; };
		61130D112BD7DCA5002D03C1 /* MenuButton.swift in Sources */ = {isa = PBXBuildFile; fileRef = 61130D102BD7DCA5002D03C1 /* MenuButton.swift */; };
		61130D132BD7DFC8002D03C1 /* SugarButton.swift in Sources */ = {isa = PBXBuildFile; fileRef = 61130D122BD7DFC8002D03C1 /* SugarButton.swift */; };
		61130D182BD7EEEC002D03C1 /* AddPhotoImageView.swift in Sources */ = {isa = PBXBuildFile; fileRef = 61130D172BD7EEEC002D03C1 /* AddPhotoImageView.swift */; };
		61130D1B2BD7F189002D03C1 /* PhotoCollectionViewCell.swift in Sources */ = {isa = PBXBuildFile; fileRef = 61130D1A2BD7F189002D03C1 /* PhotoCollectionViewCell.swift */; };
		61130D1E2BD7F1DB002D03C1 /* PhotoImageView.swift in Sources */ = {isa = PBXBuildFile; fileRef = 61130D1D2BD7F1DB002D03C1 /* PhotoImageView.swift */; };
		614746F72BD6A3CE00B9B670 /* SelectPlaceViewController.swift in Sources */ = {isa = PBXBuildFile; fileRef = 614746F62BD6A3CE00B9B670 /* SelectPlaceViewController.swift */; };
		614746FC2BD6A40700B9B670 /* SearchPlaceView.swift in Sources */ = {isa = PBXBuildFile; fileRef = 614746FB2BD6A40700B9B670 /* SearchPlaceView.swift */; };
		614746FE2BD6A43700B9B670 /* SelectPlaceViewModel.swift in Sources */ = {isa = PBXBuildFile; fileRef = 614746FD2BD6A43700B9B670 /* SelectPlaceViewModel.swift */; };
		614747022BD6A87F00B9B670 /* PlaceCollectionViewCell.swift in Sources */ = {isa = PBXBuildFile; fileRef = 614747012BD6A87F00B9B670 /* PlaceCollectionViewCell.swift */; };
		614747042BD6A8CD00B9B670 /* UILabel+Extension.swift in Sources */ = {isa = PBXBuildFile; fileRef = 614747032BD6A8CD00B9B670 /* UILabel+Extension.swift */; };
		614747062BD6A96100B9B670 /* UIStackView+Extension.swift in Sources */ = {isa = PBXBuildFile; fileRef = 614747052BD6A96100B9B670 /* UIStackView+Extension.swift */; };
		614747082BD6AAF500B9B670 /* KakaoPlaceRouter.swift in Sources */ = {isa = PBXBuildFile; fileRef = 614747072BD6AAF500B9B670 /* KakaoPlaceRouter.swift */; };
		6147470A2BD6AC4800B9B670 /* KakaoNetworkManager.swift in Sources */ = {isa = PBXBuildFile; fileRef = 614747092BD6AC4700B9B670 /* KakaoNetworkManager.swift */; };
		6147470C2BD6BA4600B9B670 /* Place.swift in Sources */ = {isa = PBXBuildFile; fileRef = 6147470B2BD6BA4600B9B670 /* Place.swift */; };
		614747102BD6C4B400B9B670 /* CreatePostViewController.swift in Sources */ = {isa = PBXBuildFile; fileRef = 6147470F2BD6C4B400B9B670 /* CreatePostViewController.swift */; };
		614747122BD6C4E200B9B670 /* CreatePostView.swift in Sources */ = {isa = PBXBuildFile; fileRef = 614747112BD6C4E100B9B670 /* CreatePostView.swift */; };
		614747142BD6C51100B9B670 /* CreatePostViewModel.swift in Sources */ = {isa = PBXBuildFile; fileRef = 614747132BD6C51100B9B670 /* CreatePostViewModel.swift */; };
		616DCE082BD4FABD0042BDC0 /* PostImageView.swift in Sources */ = {isa = PBXBuildFile; fileRef = 616DCE072BD4FABD0042BDC0 /* PostImageView.swift */; };
		616DCE0C2BD509BB0042BDC0 /* FilterButton.swift in Sources */ = {isa = PBXBuildFile; fileRef = 616DCE0B2BD509BB0042BDC0 /* FilterButton.swift */; };
		616DCE0E2BD50CC50042BDC0 /* FilterItem.swift in Sources */ = {isa = PBXBuildFile; fileRef = 616DCE0D2BD50CC50042BDC0 /* FilterItem.swift */; };
		616DCE102BD513150042BDC0 /* FilterCollectionViewCell.swift in Sources */ = {isa = PBXBuildFile; fileRef = 616DCE0F2BD513150042BDC0 /* FilterCollectionViewCell.swift */; };
		618C76C92BC6EE4B0033CD0D /* AppDelegate.swift in Sources */ = {isa = PBXBuildFile; fileRef = 618C76C82BC6EE4B0033CD0D /* AppDelegate.swift */; };
		618C76CB2BC6EE4B0033CD0D /* SceneDelegate.swift in Sources */ = {isa = PBXBuildFile; fileRef = 618C76CA2BC6EE4B0033CD0D /* SceneDelegate.swift */; };
		618C76D22BC6EE4D0033CD0D /* Assets.xcassets in Resources */ = {isa = PBXBuildFile; fileRef = 618C76D12BC6EE4D0033CD0D /* Assets.xcassets */; };
		618C76D52BC6EE4D0033CD0D /* Base in Resources */ = {isa = PBXBuildFile; fileRef = 618C76D42BC6EE4D0033CD0D /* Base */; };
		618C76DD2BC6EEA90033CD0D /* .gitignore in Resources */ = {isa = PBXBuildFile; fileRef = 618C76DC2BC6EEA90033CD0D /* .gitignore */; };
		618C76E22BC6EF5C0033CD0D /* Colors.xcassets in Resources */ = {isa = PBXBuildFile; fileRef = 618C76E12BC6EF5C0033CD0D /* Colors.xcassets */; };
		618C76F22BC6EFCE0033CD0D /* Pretendard-ExtraLight.otf in Resources */ = {isa = PBXBuildFile; fileRef = 618C76E92BC6EFCD0033CD0D /* Pretendard-ExtraLight.otf */; };
		618C76F32BC6EFCE0033CD0D /* Pretendard-Medium.otf in Resources */ = {isa = PBXBuildFile; fileRef = 618C76EA2BC6EFCD0033CD0D /* Pretendard-Medium.otf */; };
		618C76F42BC6EFCE0033CD0D /* Pretendard-SemiBold.otf in Resources */ = {isa = PBXBuildFile; fileRef = 618C76EB2BC6EFCD0033CD0D /* Pretendard-SemiBold.otf */; };
		618C76F52BC6EFCE0033CD0D /* Pretendard-Thin.otf in Resources */ = {isa = PBXBuildFile; fileRef = 618C76EC2BC6EFCD0033CD0D /* Pretendard-Thin.otf */; };
		618C76F62BC6EFCE0033CD0D /* Pretendard-Bold.otf in Resources */ = {isa = PBXBuildFile; fileRef = 618C76ED2BC6EFCD0033CD0D /* Pretendard-Bold.otf */; };
		618C76F72BC6EFCE0033CD0D /* Pretendard-ExtraBold.otf in Resources */ = {isa = PBXBuildFile; fileRef = 618C76EE2BC6EFCD0033CD0D /* Pretendard-ExtraBold.otf */; };
		618C76F82BC6EFCE0033CD0D /* Pretendard-Black.otf in Resources */ = {isa = PBXBuildFile; fileRef = 618C76EF2BC6EFCD0033CD0D /* Pretendard-Black.otf */; };
		618C76F92BC6EFCE0033CD0D /* Pretendard-Light.otf in Resources */ = {isa = PBXBuildFile; fileRef = 618C76F02BC6EFCD0033CD0D /* Pretendard-Light.otf */; };
		618C76FA2BC6EFCE0033CD0D /* Pretendard-Regular.otf in Resources */ = {isa = PBXBuildFile; fileRef = 618C76F12BC6EFCE0033CD0D /* Pretendard-Regular.otf */; };
		618C76FD2BC6EFFA0033CD0D /* UIFont+Pretendard.swift in Sources */ = {isa = PBXBuildFile; fileRef = 618C76FC2BC6EFFA0033CD0D /* UIFont+Pretendard.swift */; };
		618C77002BC6F03A0033CD0D /* Color.swift in Sources */ = {isa = PBXBuildFile; fileRef = 618C76FF2BC6F03A0033CD0D /* Color.swift */; };
		618C77032BC6F0D50033CD0D /* Image.swift in Sources */ = {isa = PBXBuildFile; fileRef = 618C77022BC6F0D50033CD0D /* Image.swift */; };
		618C77052BC6F0FD0033CD0D /* TabItem.swift in Sources */ = {isa = PBXBuildFile; fileRef = 618C77042BC6F0FD0033CD0D /* TabItem.swift */; };
		618C77082BC6F1210033CD0D /* TabBarController.swift in Sources */ = {isa = PBXBuildFile; fileRef = 618C77072BC6F1210033CD0D /* TabBarController.swift */; };
		618C770D2BC6F15E0033CD0D /* HomeViewController.swift in Sources */ = {isa = PBXBuildFile; fileRef = 618C770C2BC6F15E0033CD0D /* HomeViewController.swift */; };
		618C770F2BC6F1740033CD0D /* MapViewController.swift in Sources */ = {isa = PBXBuildFile; fileRef = 618C770E2BC6F1740033CD0D /* MapViewController.swift */; };
		618C77162BC6F4620033CD0D /* ProfileViewController.swift in Sources */ = {isa = PBXBuildFile; fileRef = 618C77142BC6F4450033CD0D /* ProfileViewController.swift */; };
		618C77182BC6F4B70033CD0D /* BaseView.swift in Sources */ = {isa = PBXBuildFile; fileRef = 618C77172BC6F4B70033CD0D /* BaseView.swift */; };
		618C771B2BC6F4D80033CD0D /* SnapKit in Frameworks */ = {isa = PBXBuildFile; productRef = 618C771A2BC6F4D80033CD0D /* SnapKit */; };
		618C771D2BC6F51B0033CD0D /* BaseViewController.swift in Sources */ = {isa = PBXBuildFile; fileRef = 618C771C2BC6F51B0033CD0D /* BaseViewController.swift */; };
		618C77202BC6F5370033CD0D /* RxCocoa in Frameworks */ = {isa = PBXBuildFile; productRef = 618C771F2BC6F5370033CD0D /* RxCocoa */; };
		618C77222BC6F5370033CD0D /* RxSwift in Frameworks */ = {isa = PBXBuildFile; productRef = 618C77212BC6F5370033CD0D /* RxSwift */; };
		618C77242BC6F5850033CD0D /* BaseCollectionViewCell.swift in Sources */ = {isa = PBXBuildFile; fileRef = 618C77232BC6F5850033CD0D /* BaseCollectionViewCell.swift */; };
		618C77292BC6F60F0033CD0D /* SignInViewController.swift in Sources */ = {isa = PBXBuildFile; fileRef = 618C77282BC6F60F0033CD0D /* SignInViewController.swift */; };
		618C772B2BC6F6220033CD0D /* SingInView.swift in Sources */ = {isa = PBXBuildFile; fileRef = 618C772A2BC6F6220033CD0D /* SingInView.swift */; };
		618C772D2BC6F6A60033CD0D /* SignTextField.swift in Sources */ = {isa = PBXBuildFile; fileRef = 618C772C2BC6F6A60033CD0D /* SignTextField.swift */; };
		618C772F2BC6F7950033CD0D /* SignButton.swift in Sources */ = {isa = PBXBuildFile; fileRef = 618C772E2BC6F7950033CD0D /* SignButton.swift */; };
		618C77312BC6F8130033CD0D /* UIView+Extension.swift in Sources */ = {isa = PBXBuildFile; fileRef = 618C77302BC6F8130033CD0D /* UIView+Extension.swift */; };
		618C77332BC6F8E70033CD0D /* UIViewController+Extension.swift in Sources */ = {isa = PBXBuildFile; fileRef = 618C77322BC6F8E70033CD0D /* UIViewController+Extension.swift */; };
		618C77352BC6F9AD0033CD0D /* UITextField+Extension.swift in Sources */ = {isa = PBXBuildFile; fileRef = 618C77342BC6F9AD0033CD0D /* UITextField+Extension.swift */; };
		618C77392BC6FAED0033CD0D /* SignInViewModel.swift in Sources */ = {isa = PBXBuildFile; fileRef = 618C77382BC6FAED0033CD0D /* SignInViewModel.swift */; };
		618C773C2BC6FB260033CD0D /* ViewModelType.swift in Sources */ = {isa = PBXBuildFile; fileRef = 618C773B2BC6FB260033CD0D /* ViewModelType.swift */; };
		618C77402BC6FC8B0033CD0D /* SignUpViewController.swift in Sources */ = {isa = PBXBuildFile; fileRef = 618C773F2BC6FC8B0033CD0D /* SignUpViewController.swift */; };
		618C77422BC6FEF50033CD0D /* SignUpView.swift in Sources */ = {isa = PBXBuildFile; fileRef = 618C77412BC6FEF50033CD0D /* SignUpView.swift */; };
		618C77442BC703960033CD0D /* HTTPHeader.swift in Sources */ = {isa = PBXBuildFile; fileRef = 618C77432BC703960033CD0D /* HTTPHeader.swift */; };
		618C77472BC703BD0033CD0D /* LoginQuery.swift in Sources */ = {isa = PBXBuildFile; fileRef = 618C77462BC703BD0033CD0D /* LoginQuery.swift */; };
		618C774A2BC7046E0033CD0D /* APIKey.swift in Sources */ = {isa = PBXBuildFile; fileRef = 618C77492BC7046E0033CD0D /* APIKey.swift */; };
		618C774C2BC704F40033CD0D /* TargetType.swift in Sources */ = {isa = PBXBuildFile; fileRef = 618C774B2BC704F40033CD0D /* TargetType.swift */; };
		618C774F2BC705080033CD0D /* Alamofire in Frameworks */ = {isa = PBXBuildFile; productRef = 618C774E2BC705080033CD0D /* Alamofire */; };
		618C77512BC705310033CD0D /* AuthRouter.swift in Sources */ = {isa = PBXBuildFile; fileRef = 618C77502BC705310033CD0D /* AuthRouter.swift */; };
		618C77532BC7065D0033CD0D /* SignUpViewModel.swift in Sources */ = {isa = PBXBuildFile; fileRef = 618C77522BC7065D0033CD0D /* SignUpViewModel.swift */; };
		618C77582BC8379D0033CD0D /* SignLabel.swift in Sources */ = {isa = PBXBuildFile; fileRef = 618C77572BC8379D0033CD0D /* SignLabel.swift */; };
		618C775A2BC846C50033CD0D /* BaseResponse.swift in Sources */ = {isa = PBXBuildFile; fileRef = 618C77592BC846C50033CD0D /* BaseResponse.swift */; };
		618C775C2BC847FD0033CD0D /* AuthNetworkManager.swift in Sources */ = {isa = PBXBuildFile; fileRef = 618C775B2BC847FD0033CD0D /* AuthNetworkManager.swift */; };
		618C775E2BC848450033CD0D /* Auth.swift in Sources */ = {isa = PBXBuildFile; fileRef = 618C775D2BC848450033CD0D /* Auth.swift */; };
		618C77602BC848580033CD0D /* Profile.swift in Sources */ = {isa = PBXBuildFile; fileRef = 618C775F2BC848580033CD0D /* Profile.swift */; };
		618C77622BC8D3C80033CD0D /* ValidationQuery.swift in Sources */ = {isa = PBXBuildFile; fileRef = 618C77612BC8D3C80033CD0D /* ValidationQuery.swift */; };
		618C77652BC97F560033CD0D /* Toast in Frameworks */ = {isa = PBXBuildFile; productRef = 618C77642BC97F560033CD0D /* Toast */; };
		618C78132BC994570033CD0D /* APIError.swift in Sources */ = {isa = PBXBuildFile; fileRef = 618C78122BC994570033CD0D /* APIError.swift */; };
		618C78152BC994610033CD0D /* AuthError.swift in Sources */ = {isa = PBXBuildFile; fileRef = 618C78142BC994610033CD0D /* AuthError.swift */; };
		618C78172BC9A03A0033CD0D /* JoinQuery.swift in Sources */ = {isa = PBXBuildFile; fileRef = 618C78162BC9A03A0033CD0D /* JoinQuery.swift */; };
		618C781A2BC9A9090033CD0D /* UserDefaultManager.swift in Sources */ = {isa = PBXBuildFile; fileRef = 618C78192BC9A9090033CD0D /* UserDefaultManager.swift */; };
		618C781E2BC9AC6E0033CD0D /* HomeView.swift in Sources */ = {isa = PBXBuildFile; fileRef = 618C781D2BC9AC6E0033CD0D /* HomeView.swift */; };
		618C78202BC9ACA60033CD0D /* HomeViewModel.swift in Sources */ = {isa = PBXBuildFile; fileRef = 618C781F2BC9ACA60033CD0D /* HomeViewModel.swift */; };
		618C78242BC9AF5E0033CD0D /* ProfileView.swift in Sources */ = {isa = PBXBuildFile; fileRef = 618C78232BC9AF5E0033CD0D /* ProfileView.swift */; };
		618C78262BC9AF7B0033CD0D /* ProfileViewModel.swift in Sources */ = {isa = PBXBuildFile; fileRef = 618C78252BC9AF7B0033CD0D /* ProfileViewModel.swift */; };
		618C78632BCD6F850033CD0D /* SettingViewModel.swift in Sources */ = {isa = PBXBuildFile; fileRef = 618C78622BCD6F850033CD0D /* SettingViewModel.swift */; };
		618C78652BCD6FC20033CD0D /* SettingCollectionViewCell.swift in Sources */ = {isa = PBXBuildFile; fileRef = 618C78642BCD6FC20033CD0D /* SettingCollectionViewCell.swift */; };
		618C78672BCD6FD80033CD0D /* SettingItem.swift in Sources */ = {isa = PBXBuildFile; fileRef = 618C78662BCD6FD80033CD0D /* SettingItem.swift */; };
		618C78692BCD6FF40033CD0D /* SettingViewController.swift in Sources */ = {isa = PBXBuildFile; fileRef = 618C78682BCD6FF40033CD0D /* SettingViewController.swift */; };
		618C786B2BCD70120033CD0D /* SettingView.swift in Sources */ = {isa = PBXBuildFile; fileRef = 618C786A2BCD70120033CD0D /* SettingView.swift */; };
		618C786D2BCD70830033CD0D /* Reuse.swift in Sources */ = {isa = PBXBuildFile; fileRef = 618C786C2BCD70830033CD0D /* Reuse.swift */; };
		618C78A62BD04F0D0033CD0D /* AuthInterceptor.swift in Sources */ = {isa = PBXBuildFile; fileRef = 618C78A52BD04F0D0033CD0D /* AuthInterceptor.swift */; };
		618C78A82BD0502C0033CD0D /* NetworkManager.swift in Sources */ = {isa = PBXBuildFile; fileRef = 618C78A72BD0502C0033CD0D /* NetworkManager.swift */; };
		618C78AC2BD051DE0033CD0D /* NotificationName+Extension.swift in Sources */ = {isa = PBXBuildFile; fileRef = 618C78AB2BD051DE0033CD0D /* NotificationName+Extension.swift */; };
		61B5287D2BD1034C00974CA0 /* PostCollectionViewCell.swift in Sources */ = {isa = PBXBuildFile; fileRef = 61B5287C2BD1034C00974CA0 /* PostCollectionViewCell.swift */; };
		61B528812BD10C6000974CA0 /* PostRouter.swift in Sources */ = {isa = PBXBuildFile; fileRef = 61B528802BD10C6000974CA0 /* PostRouter.swift */; };
		61B528832BD10E8A00974CA0 /* FetchPostQuery.swift in Sources */ = {isa = PBXBuildFile; fileRef = 61B528822BD10E8A00974CA0 /* FetchPostQuery.swift */; };
		61B528852BD10F9800974CA0 /* PostNetworkManager.swift in Sources */ = {isa = PBXBuildFile; fileRef = 61B528842BD10F9800974CA0 /* PostNetworkManager.swift */; };
		61B528872BD10FF600974CA0 /* PostError.swift in Sources */ = {isa = PBXBuildFile; fileRef = 61B528862BD10FF600974CA0 /* PostError.swift */; };
		61B528892BD1107A00974CA0 /* Post.swift in Sources */ = {isa = PBXBuildFile; fileRef = 61B528882BD1107A00974CA0 /* Post.swift */; };
		61B5288B2BD12F6E00974CA0 /* FormatterManager.swift in Sources */ = {isa = PBXBuildFile; fileRef = 61B5288A2BD12F6E00974CA0 /* FormatterManager.swift */; };
		61B5288D2BD1313B00974CA0 /* PostInfoView.swift in Sources */ = {isa = PBXBuildFile; fileRef = 61B5288C2BD1313A00974CA0 /* PostInfoView.swift */; };
		61B5288F2BD13B7800974CA0 /* KingfisherWrapper+Extension.swift in Sources */ = {isa = PBXBuildFile; fileRef = 61B5288E2BD13B7800974CA0 /* KingfisherWrapper+Extension.swift */; };
		61B528922BD13B8E00974CA0 /* Kingfisher in Frameworks */ = {isa = PBXBuildFile; productRef = 61B528912BD13B8E00974CA0 /* Kingfisher */; };
/* End PBXBuildFile section */

/* Begin PBXFileReference section */
		61130D0E2BD7C1CA002D03C1 /* PlaceInfoView.swift */ = {isa = PBXFileReference; lastKnownFileType = sourcecode.swift; path = PlaceInfoView.swift; sourceTree = "<group>"; };
		61130D102BD7DCA5002D03C1 /* MenuButton.swift */ = {isa = PBXFileReference; lastKnownFileType = sourcecode.swift; path = MenuButton.swift; sourceTree = "<group>"; };
		61130D122BD7DFC8002D03C1 /* SugarButton.swift */ = {isa = PBXFileReference; lastKnownFileType = sourcecode.swift; path = SugarButton.swift; sourceTree = "<group>"; };
		61130D172BD7EEEC002D03C1 /* AddPhotoImageView.swift */ = {isa = PBXFileReference; lastKnownFileType = sourcecode.swift; path = AddPhotoImageView.swift; sourceTree = "<group>"; };
		61130D1A2BD7F189002D03C1 /* PhotoCollectionViewCell.swift */ = {isa = PBXFileReference; lastKnownFileType = sourcecode.swift; path = PhotoCollectionViewCell.swift; sourceTree = "<group>"; };
		61130D1D2BD7F1DB002D03C1 /* PhotoImageView.swift */ = {isa = PBXFileReference; lastKnownFileType = sourcecode.swift; path = PhotoImageView.swift; sourceTree = "<group>"; };
		614746F62BD6A3CE00B9B670 /* SelectPlaceViewController.swift */ = {isa = PBXFileReference; lastKnownFileType = sourcecode.swift; path = SelectPlaceViewController.swift; sourceTree = "<group>"; };
		614746FB2BD6A40700B9B670 /* SearchPlaceView.swift */ = {isa = PBXFileReference; lastKnownFileType = sourcecode.swift; path = SearchPlaceView.swift; sourceTree = "<group>"; };
		614746FD2BD6A43700B9B670 /* SelectPlaceViewModel.swift */ = {isa = PBXFileReference; lastKnownFileType = sourcecode.swift; path = SelectPlaceViewModel.swift; sourceTree = "<group>"; };
		614747012BD6A87F00B9B670 /* PlaceCollectionViewCell.swift */ = {isa = PBXFileReference; lastKnownFileType = sourcecode.swift; path = PlaceCollectionViewCell.swift; sourceTree = "<group>"; };
		614747032BD6A8CD00B9B670 /* UILabel+Extension.swift */ = {isa = PBXFileReference; lastKnownFileType = sourcecode.swift; path = "UILabel+Extension.swift"; sourceTree = "<group>"; };
		614747052BD6A96100B9B670 /* UIStackView+Extension.swift */ = {isa = PBXFileReference; lastKnownFileType = sourcecode.swift; path = "UIStackView+Extension.swift"; sourceTree = "<group>"; };
		614747072BD6AAF500B9B670 /* KakaoPlaceRouter.swift */ = {isa = PBXFileReference; lastKnownFileType = sourcecode.swift; path = KakaoPlaceRouter.swift; sourceTree = "<group>"; };
		614747092BD6AC4700B9B670 /* KakaoNetworkManager.swift */ = {isa = PBXFileReference; lastKnownFileType = sourcecode.swift; path = KakaoNetworkManager.swift; sourceTree = "<group>"; };
		6147470B2BD6BA4600B9B670 /* Place.swift */ = {isa = PBXFileReference; lastKnownFileType = sourcecode.swift; path = Place.swift; sourceTree = "<group>"; };
		6147470F2BD6C4B400B9B670 /* CreatePostViewController.swift */ = {isa = PBXFileReference; lastKnownFileType = sourcecode.swift; path = CreatePostViewController.swift; sourceTree = "<group>"; };
		614747112BD6C4E100B9B670 /* CreatePostView.swift */ = {isa = PBXFileReference; lastKnownFileType = sourcecode.swift; path = CreatePostView.swift; sourceTree = "<group>"; };
		614747132BD6C51100B9B670 /* CreatePostViewModel.swift */ = {isa = PBXFileReference; lastKnownFileType = sourcecode.swift; path = CreatePostViewModel.swift; sourceTree = "<group>"; };
		616DCE072BD4FABD0042BDC0 /* PostImageView.swift */ = {isa = PBXFileReference; lastKnownFileType = sourcecode.swift; path = PostImageView.swift; sourceTree = "<group>"; };
		616DCE0B2BD509BB0042BDC0 /* FilterButton.swift */ = {isa = PBXFileReference; lastKnownFileType = sourcecode.swift; path = FilterButton.swift; sourceTree = "<group>"; };
		616DCE0D2BD50CC50042BDC0 /* FilterItem.swift */ = {isa = PBXFileReference; lastKnownFileType = sourcecode.swift; path = FilterItem.swift; sourceTree = "<group>"; };
		616DCE0F2BD513150042BDC0 /* FilterCollectionViewCell.swift */ = {isa = PBXFileReference; lastKnownFileType = sourcecode.swift; path = FilterCollectionViewCell.swift; sourceTree = "<group>"; };
		618C76C52BC6EE4B0033CD0D /* SweetLog.app */ = {isa = PBXFileReference; explicitFileType = wrapper.application; includeInIndex = 0; path = SweetLog.app; sourceTree = BUILT_PRODUCTS_DIR; };
		618C76C82BC6EE4B0033CD0D /* AppDelegate.swift */ = {isa = PBXFileReference; lastKnownFileType = sourcecode.swift; path = AppDelegate.swift; sourceTree = "<group>"; };
		618C76CA2BC6EE4B0033CD0D /* SceneDelegate.swift */ = {isa = PBXFileReference; lastKnownFileType = sourcecode.swift; path = SceneDelegate.swift; sourceTree = "<group>"; };
		618C76D12BC6EE4D0033CD0D /* Assets.xcassets */ = {isa = PBXFileReference; lastKnownFileType = folder.assetcatalog; path = Assets.xcassets; sourceTree = "<group>"; };
		618C76D42BC6EE4D0033CD0D /* Base */ = {isa = PBXFileReference; lastKnownFileType = file.storyboard; name = Base; path = Base.lproj/LaunchScreen.storyboard; sourceTree = "<group>"; };
		618C76D62BC6EE4D0033CD0D /* Info.plist */ = {isa = PBXFileReference; lastKnownFileType = text.plist.xml; path = Info.plist; sourceTree = "<group>"; };
		618C76DC2BC6EEA90033CD0D /* .gitignore */ = {isa = PBXFileReference; lastKnownFileType = text; path = .gitignore; sourceTree = "<group>"; };
		618C76E12BC6EF5C0033CD0D /* Colors.xcassets */ = {isa = PBXFileReference; lastKnownFileType = folder.assetcatalog; path = Colors.xcassets; sourceTree = "<group>"; };
		618C76E92BC6EFCD0033CD0D /* Pretendard-ExtraLight.otf */ = {isa = PBXFileReference; lastKnownFileType = file; path = "Pretendard-ExtraLight.otf"; sourceTree = "<group>"; };
		618C76EA2BC6EFCD0033CD0D /* Pretendard-Medium.otf */ = {isa = PBXFileReference; lastKnownFileType = file; path = "Pretendard-Medium.otf"; sourceTree = "<group>"; };
		618C76EB2BC6EFCD0033CD0D /* Pretendard-SemiBold.otf */ = {isa = PBXFileReference; lastKnownFileType = file; path = "Pretendard-SemiBold.otf"; sourceTree = "<group>"; };
		618C76EC2BC6EFCD0033CD0D /* Pretendard-Thin.otf */ = {isa = PBXFileReference; lastKnownFileType = file; path = "Pretendard-Thin.otf"; sourceTree = "<group>"; };
		618C76ED2BC6EFCD0033CD0D /* Pretendard-Bold.otf */ = {isa = PBXFileReference; lastKnownFileType = file; path = "Pretendard-Bold.otf"; sourceTree = "<group>"; };
		618C76EE2BC6EFCD0033CD0D /* Pretendard-ExtraBold.otf */ = {isa = PBXFileReference; lastKnownFileType = file; path = "Pretendard-ExtraBold.otf"; sourceTree = "<group>"; };
		618C76EF2BC6EFCD0033CD0D /* Pretendard-Black.otf */ = {isa = PBXFileReference; lastKnownFileType = file; path = "Pretendard-Black.otf"; sourceTree = "<group>"; };
		618C76F02BC6EFCD0033CD0D /* Pretendard-Light.otf */ = {isa = PBXFileReference; lastKnownFileType = file; path = "Pretendard-Light.otf"; sourceTree = "<group>"; };
		618C76F12BC6EFCE0033CD0D /* Pretendard-Regular.otf */ = {isa = PBXFileReference; lastKnownFileType = file; path = "Pretendard-Regular.otf"; sourceTree = "<group>"; };
		618C76FC2BC6EFFA0033CD0D /* UIFont+Pretendard.swift */ = {isa = PBXFileReference; lastKnownFileType = sourcecode.swift; path = "UIFont+Pretendard.swift"; sourceTree = "<group>"; };
		618C76FF2BC6F03A0033CD0D /* Color.swift */ = {isa = PBXFileReference; lastKnownFileType = sourcecode.swift; path = Color.swift; sourceTree = "<group>"; };
		618C77022BC6F0D50033CD0D /* Image.swift */ = {isa = PBXFileReference; lastKnownFileType = sourcecode.swift; path = Image.swift; sourceTree = "<group>"; };
		618C77042BC6F0FD0033CD0D /* TabItem.swift */ = {isa = PBXFileReference; lastKnownFileType = sourcecode.swift; path = TabItem.swift; sourceTree = "<group>"; };
		618C77072BC6F1210033CD0D /* TabBarController.swift */ = {isa = PBXFileReference; lastKnownFileType = sourcecode.swift; path = TabBarController.swift; sourceTree = "<group>"; };
		618C770C2BC6F15E0033CD0D /* HomeViewController.swift */ = {isa = PBXFileReference; lastKnownFileType = sourcecode.swift; path = HomeViewController.swift; sourceTree = "<group>"; };
		618C770E2BC6F1740033CD0D /* MapViewController.swift */ = {isa = PBXFileReference; lastKnownFileType = sourcecode.swift; path = MapViewController.swift; sourceTree = "<group>"; };
		618C77142BC6F4450033CD0D /* ProfileViewController.swift */ = {isa = PBXFileReference; lastKnownFileType = sourcecode.swift; path = ProfileViewController.swift; sourceTree = "<group>"; };
		618C77172BC6F4B70033CD0D /* BaseView.swift */ = {isa = PBXFileReference; lastKnownFileType = sourcecode.swift; path = BaseView.swift; sourceTree = "<group>"; };
		618C771C2BC6F51B0033CD0D /* BaseViewController.swift */ = {isa = PBXFileReference; lastKnownFileType = sourcecode.swift; path = BaseViewController.swift; sourceTree = "<group>"; };
		618C77232BC6F5850033CD0D /* BaseCollectionViewCell.swift */ = {isa = PBXFileReference; lastKnownFileType = sourcecode.swift; path = BaseCollectionViewCell.swift; sourceTree = "<group>"; };
		618C77282BC6F60F0033CD0D /* SignInViewController.swift */ = {isa = PBXFileReference; lastKnownFileType = sourcecode.swift; path = SignInViewController.swift; sourceTree = "<group>"; };
		618C772A2BC6F6220033CD0D /* SingInView.swift */ = {isa = PBXFileReference; lastKnownFileType = sourcecode.swift; path = SingInView.swift; sourceTree = "<group>"; };
		618C772C2BC6F6A60033CD0D /* SignTextField.swift */ = {isa = PBXFileReference; lastKnownFileType = sourcecode.swift; path = SignTextField.swift; sourceTree = "<group>"; };
		618C772E2BC6F7950033CD0D /* SignButton.swift */ = {isa = PBXFileReference; lastKnownFileType = sourcecode.swift; path = SignButton.swift; sourceTree = "<group>"; };
		618C77302BC6F8130033CD0D /* UIView+Extension.swift */ = {isa = PBXFileReference; lastKnownFileType = sourcecode.swift; path = "UIView+Extension.swift"; sourceTree = "<group>"; };
		618C77322BC6F8E70033CD0D /* UIViewController+Extension.swift */ = {isa = PBXFileReference; lastKnownFileType = sourcecode.swift; path = "UIViewController+Extension.swift"; sourceTree = "<group>"; };
		618C77342BC6F9AD0033CD0D /* UITextField+Extension.swift */ = {isa = PBXFileReference; lastKnownFileType = sourcecode.swift; path = "UITextField+Extension.swift"; sourceTree = "<group>"; };
		618C77382BC6FAED0033CD0D /* SignInViewModel.swift */ = {isa = PBXFileReference; lastKnownFileType = sourcecode.swift; path = SignInViewModel.swift; sourceTree = "<group>"; };
		618C773B2BC6FB260033CD0D /* ViewModelType.swift */ = {isa = PBXFileReference; lastKnownFileType = sourcecode.swift; path = ViewModelType.swift; sourceTree = "<group>"; };
		618C773F2BC6FC8B0033CD0D /* SignUpViewController.swift */ = {isa = PBXFileReference; lastKnownFileType = sourcecode.swift; path = SignUpViewController.swift; sourceTree = "<group>"; };
		618C77412BC6FEF50033CD0D /* SignUpView.swift */ = {isa = PBXFileReference; lastKnownFileType = sourcecode.swift; path = SignUpView.swift; sourceTree = "<group>"; };
		618C77432BC703960033CD0D /* HTTPHeader.swift */ = {isa = PBXFileReference; lastKnownFileType = sourcecode.swift; path = HTTPHeader.swift; sourceTree = "<group>"; };
		618C77462BC703BD0033CD0D /* LoginQuery.swift */ = {isa = PBXFileReference; lastKnownFileType = sourcecode.swift; path = LoginQuery.swift; sourceTree = "<group>"; };
		618C77492BC7046E0033CD0D /* APIKey.swift */ = {isa = PBXFileReference; lastKnownFileType = sourcecode.swift; path = APIKey.swift; sourceTree = "<group>"; };
		618C774B2BC704F40033CD0D /* TargetType.swift */ = {isa = PBXFileReference; lastKnownFileType = sourcecode.swift; path = TargetType.swift; sourceTree = "<group>"; };
		618C77502BC705310033CD0D /* AuthRouter.swift */ = {isa = PBXFileReference; lastKnownFileType = sourcecode.swift; path = AuthRouter.swift; sourceTree = "<group>"; };
		618C77522BC7065D0033CD0D /* SignUpViewModel.swift */ = {isa = PBXFileReference; lastKnownFileType = sourcecode.swift; path = SignUpViewModel.swift; sourceTree = "<group>"; };
		618C77572BC8379D0033CD0D /* SignLabel.swift */ = {isa = PBXFileReference; lastKnownFileType = sourcecode.swift; path = SignLabel.swift; sourceTree = "<group>"; };
		618C77592BC846C50033CD0D /* BaseResponse.swift */ = {isa = PBXFileReference; lastKnownFileType = sourcecode.swift; path = BaseResponse.swift; sourceTree = "<group>"; };
		618C775B2BC847FD0033CD0D /* AuthNetworkManager.swift */ = {isa = PBXFileReference; lastKnownFileType = sourcecode.swift; path = AuthNetworkManager.swift; sourceTree = "<group>"; };
		618C775D2BC848450033CD0D /* Auth.swift */ = {isa = PBXFileReference; lastKnownFileType = sourcecode.swift; path = Auth.swift; sourceTree = "<group>"; };
		618C775F2BC848580033CD0D /* Profile.swift */ = {isa = PBXFileReference; lastKnownFileType = sourcecode.swift; path = Profile.swift; sourceTree = "<group>"; };
		618C77612BC8D3C80033CD0D /* ValidationQuery.swift */ = {isa = PBXFileReference; lastKnownFileType = sourcecode.swift; path = ValidationQuery.swift; sourceTree = "<group>"; };
		618C78122BC994570033CD0D /* APIError.swift */ = {isa = PBXFileReference; lastKnownFileType = sourcecode.swift; path = APIError.swift; sourceTree = "<group>"; };
		618C78142BC994610033CD0D /* AuthError.swift */ = {isa = PBXFileReference; lastKnownFileType = sourcecode.swift; path = AuthError.swift; sourceTree = "<group>"; };
		618C78162BC9A03A0033CD0D /* JoinQuery.swift */ = {isa = PBXFileReference; lastKnownFileType = sourcecode.swift; path = JoinQuery.swift; sourceTree = "<group>"; };
		618C78192BC9A9090033CD0D /* UserDefaultManager.swift */ = {isa = PBXFileReference; lastKnownFileType = sourcecode.swift; path = UserDefaultManager.swift; sourceTree = "<group>"; };
		618C781D2BC9AC6E0033CD0D /* HomeView.swift */ = {isa = PBXFileReference; lastKnownFileType = sourcecode.swift; path = HomeView.swift; sourceTree = "<group>"; };
		618C781F2BC9ACA60033CD0D /* HomeViewModel.swift */ = {isa = PBXFileReference; lastKnownFileType = sourcecode.swift; path = HomeViewModel.swift; sourceTree = "<group>"; };
		618C78232BC9AF5E0033CD0D /* ProfileView.swift */ = {isa = PBXFileReference; lastKnownFileType = sourcecode.swift; path = ProfileView.swift; sourceTree = "<group>"; };
		618C78252BC9AF7B0033CD0D /* ProfileViewModel.swift */ = {isa = PBXFileReference; lastKnownFileType = sourcecode.swift; path = ProfileViewModel.swift; sourceTree = "<group>"; };
		618C78622BCD6F850033CD0D /* SettingViewModel.swift */ = {isa = PBXFileReference; lastKnownFileType = sourcecode.swift; path = SettingViewModel.swift; sourceTree = "<group>"; };
		618C78642BCD6FC20033CD0D /* SettingCollectionViewCell.swift */ = {isa = PBXFileReference; lastKnownFileType = sourcecode.swift; path = SettingCollectionViewCell.swift; sourceTree = "<group>"; };
		618C78662BCD6FD80033CD0D /* SettingItem.swift */ = {isa = PBXFileReference; lastKnownFileType = sourcecode.swift; path = SettingItem.swift; sourceTree = "<group>"; };
		618C78682BCD6FF40033CD0D /* SettingViewController.swift */ = {isa = PBXFileReference; lastKnownFileType = sourcecode.swift; path = SettingViewController.swift; sourceTree = "<group>"; };
		618C786A2BCD70120033CD0D /* SettingView.swift */ = {isa = PBXFileReference; lastKnownFileType = sourcecode.swift; path = SettingView.swift; sourceTree = "<group>"; };
		618C786C2BCD70830033CD0D /* Reuse.swift */ = {isa = PBXFileReference; lastKnownFileType = sourcecode.swift; path = Reuse.swift; sourceTree = "<group>"; };
		618C78A52BD04F0D0033CD0D /* AuthInterceptor.swift */ = {isa = PBXFileReference; lastKnownFileType = sourcecode.swift; path = AuthInterceptor.swift; sourceTree = "<group>"; };
		618C78A72BD0502C0033CD0D /* NetworkManager.swift */ = {isa = PBXFileReference; lastKnownFileType = sourcecode.swift; path = NetworkManager.swift; sourceTree = "<group>"; };
		618C78AB2BD051DE0033CD0D /* NotificationName+Extension.swift */ = {isa = PBXFileReference; lastKnownFileType = sourcecode.swift; path = "NotificationName+Extension.swift"; sourceTree = "<group>"; };
		61B5287C2BD1034C00974CA0 /* PostCollectionViewCell.swift */ = {isa = PBXFileReference; lastKnownFileType = sourcecode.swift; path = PostCollectionViewCell.swift; sourceTree = "<group>"; };
		61B528802BD10C6000974CA0 /* PostRouter.swift */ = {isa = PBXFileReference; lastKnownFileType = sourcecode.swift; path = PostRouter.swift; sourceTree = "<group>"; };
		61B528822BD10E8A00974CA0 /* FetchPostQuery.swift */ = {isa = PBXFileReference; lastKnownFileType = sourcecode.swift; path = FetchPostQuery.swift; sourceTree = "<group>"; };
		61B528842BD10F9800974CA0 /* PostNetworkManager.swift */ = {isa = PBXFileReference; lastKnownFileType = sourcecode.swift; path = PostNetworkManager.swift; sourceTree = "<group>"; };
		61B528862BD10FF600974CA0 /* PostError.swift */ = {isa = PBXFileReference; lastKnownFileType = sourcecode.swift; path = PostError.swift; sourceTree = "<group>"; };
		61B528882BD1107A00974CA0 /* Post.swift */ = {isa = PBXFileReference; lastKnownFileType = sourcecode.swift; path = Post.swift; sourceTree = "<group>"; };
		61B5288A2BD12F6E00974CA0 /* FormatterManager.swift */ = {isa = PBXFileReference; lastKnownFileType = sourcecode.swift; path = FormatterManager.swift; sourceTree = "<group>"; };
		61B5288C2BD1313A00974CA0 /* PostInfoView.swift */ = {isa = PBXFileReference; lastKnownFileType = sourcecode.swift; path = PostInfoView.swift; sourceTree = "<group>"; };
		61B5288E2BD13B7800974CA0 /* KingfisherWrapper+Extension.swift */ = {isa = PBXFileReference; lastKnownFileType = sourcecode.swift; path = "KingfisherWrapper+Extension.swift"; sourceTree = "<group>"; };
/* End PBXFileReference section */

/* Begin PBXFrameworksBuildPhase section */
		618C76C22BC6EE4B0033CD0D /* Frameworks */ = {
			isa = PBXFrameworksBuildPhase;
			buildActionMask = 2147483647;
			files = (
				61B528922BD13B8E00974CA0 /* Kingfisher in Frameworks */,
				618C77222BC6F5370033CD0D /* RxSwift in Frameworks */,
				618C774F2BC705080033CD0D /* Alamofire in Frameworks */,
				618C77202BC6F5370033CD0D /* RxCocoa in Frameworks */,
				618C77652BC97F560033CD0D /* Toast in Frameworks */,
				618C771B2BC6F4D80033CD0D /* SnapKit in Frameworks */,
			);
			runOnlyForDeploymentPostprocessing = 0;
		};
/* End PBXFrameworksBuildPhase section */

/* Begin PBXGroup section */
		61130D142BD7E05B002D03C1 /* Button */ = {
			isa = PBXGroup;
			children = (
				618C772E2BC6F7950033CD0D /* SignButton.swift */,
				616DCE0B2BD509BB0042BDC0 /* FilterButton.swift */,
				61130D102BD7DCA5002D03C1 /* MenuButton.swift */,
				61130D122BD7DFC8002D03C1 /* SugarButton.swift */,
			);
			path = Button;
			sourceTree = "<group>";
		};
		61130D152BD7E06B002D03C1 /* View */ = {
			isa = PBXGroup;
			children = (
				61130D0E2BD7C1CA002D03C1 /* PlaceInfoView.swift */,
				61B5288C2BD1313A00974CA0 /* PostInfoView.swift */,
			);
			path = View;
			sourceTree = "<group>";
		};
		61130D162BD7E07C002D03C1 /* Label */ = {
			isa = PBXGroup;
			children = (
				618C77572BC8379D0033CD0D /* SignLabel.swift */,
			);
			path = Label;
			sourceTree = "<group>";
		};
		61130D192BD7F17D002D03C1 /* Cell */ = {
			isa = PBXGroup;
			children = (
				61130D1A2BD7F189002D03C1 /* PhotoCollectionViewCell.swift */,
			);
			path = Cell;
			sourceTree = "<group>";
		};
		61130D1C2BD7F1CF002D03C1 /* ImageView */ = {
			isa = PBXGroup;
			children = (
				616DCE072BD4FABD0042BDC0 /* PostImageView.swift */,
				61130D172BD7EEEC002D03C1 /* AddPhotoImageView.swift */,
				61130D1D2BD7F1DB002D03C1 /* PhotoImageView.swift */,
			);
			path = ImageView;
			sourceTree = "<group>";
		};
		614746F42BD6A39800B9B670 /* Cell */ = {
			isa = PBXGroup;
			children = (
				61B5287C2BD1034C00974CA0 /* PostCollectionViewCell.swift */,
				616DCE0F2BD513150042BDC0 /* FilterCollectionViewCell.swift */,
			);
			path = Cell;
			sourceTree = "<group>";
		};
		614746F52BD6A3B200B9B670 /* CreatePost */ = {
			isa = PBXGroup;
			children = (
				6147470E2BD6C37700B9B670 /* ViewModel */,
				6147470D2BD6C37100B9B670 /* View */,
				614746F82BD6A3D300B9B670 /* SelectPlace */,
			);
			path = CreatePost;
			sourceTree = "<group>";
		};
		614746F82BD6A3D300B9B670 /* SelectPlace */ = {
			isa = PBXGroup;
			children = (
				614746FA2BD6A3F000B9B670 /* ViewModel */,
				614746F92BD6A3EC00B9B670 /* View */,
			);
			path = SelectPlace;
			sourceTree = "<group>";
		};
		614746F92BD6A3EC00B9B670 /* View */ = {
			isa = PBXGroup;
			children = (
				614746F62BD6A3CE00B9B670 /* SelectPlaceViewController.swift */,
				614746FB2BD6A40700B9B670 /* SearchPlaceView.swift */,
				614747012BD6A87F00B9B670 /* PlaceCollectionViewCell.swift */,
			);
			path = View;
			sourceTree = "<group>";
		};
		614746FA2BD6A3F000B9B670 /* ViewModel */ = {
			isa = PBXGroup;
			children = (
				614746FD2BD6A43700B9B670 /* SelectPlaceViewModel.swift */,
			);
			path = ViewModel;
			sourceTree = "<group>";
		};
		6147470D2BD6C37100B9B670 /* View */ = {
			isa = PBXGroup;
			children = (
				61130D192BD7F17D002D03C1 /* Cell */,
				6147470F2BD6C4B400B9B670 /* CreatePostViewController.swift */,
				614747112BD6C4E100B9B670 /* CreatePostView.swift */,
			);
			path = View;
			sourceTree = "<group>";
		};
		6147470E2BD6C37700B9B670 /* ViewModel */ = {
			isa = PBXGroup;
			children = (
				614747132BD6C51100B9B670 /* CreatePostViewModel.swift */,
			);
			path = ViewModel;
			sourceTree = "<group>";
		};
		618C76BC2BC6EE4B0033CD0D = {
			isa = PBXGroup;
			children = (
				618C76DC2BC6EEA90033CD0D /* .gitignore */,
				618C76C72BC6EE4B0033CD0D /* SweetLog */,
				618C76C62BC6EE4B0033CD0D /* Products */,
			);
			sourceTree = "<group>";
		};
		618C76C62BC6EE4B0033CD0D /* Products */ = {
			isa = PBXGroup;
			children = (
				618C76C52BC6EE4B0033CD0D /* SweetLog.app */,
			);
			name = Products;
			sourceTree = "<group>";
		};
		618C76C72BC6EE4B0033CD0D /* SweetLog */ = {
			isa = PBXGroup;
			children = (
				618C76E02BC6EF440033CD0D /* Application */,
				618C76DE2BC6EF320033CD0D /* Util */,
				618C76E42BC6EF7F0033CD0D /* Base */,
				618C76E52BC6EF850033CD0D /* CustomView */,
				618C76E32BC6EF620033CD0D /* Network */,
				618C76E62BC6EF8D0033CD0D /* Model */,
				618C76E72BC6EF940033CD0D /* Scene */,
				618C76DF2BC6EF3A0033CD0D /* Resources */,
				618C76D62BC6EE4D0033CD0D /* Info.plist */,
			);
			path = SweetLog;
			sourceTree = "<group>";
		};
		618C76DE2BC6EF320033CD0D /* Util */ = {
			isa = PBXGroup;
			children = (
				618C78182BC9A8FD0033CD0D /* Manager */,
				618C773A2BC6FB180033CD0D /* Protocol */,
				618C76FE2BC6F0310033CD0D /* Enum */,
				618C76FB2BC6EFE70033CD0D /* Extension */,
			);
			path = Util;
			sourceTree = "<group>";
		};
		618C76DF2BC6EF3A0033CD0D /* Resources */ = {
			isa = PBXGroup;
			children = (
				618C76E82BC6EFBD0033CD0D /* Fonts */,
				618C76D12BC6EE4D0033CD0D /* Assets.xcassets */,
				618C76E12BC6EF5C0033CD0D /* Colors.xcassets */,
				618C76D32BC6EE4D0033CD0D /* LaunchScreen.storyboard */,
			);
			path = Resources;
			sourceTree = "<group>";
		};
		618C76E02BC6EF440033CD0D /* Application */ = {
			isa = PBXGroup;
			children = (
				618C76C82BC6EE4B0033CD0D /* AppDelegate.swift */,
				618C76CA2BC6EE4B0033CD0D /* SceneDelegate.swift */,
			);
			path = Application;
			sourceTree = "<group>";
		};
		618C76E32BC6EF620033CD0D /* Network */ = {
			isa = PBXGroup;
			children = (
				61B5287F2BD10C4300974CA0 /* Manager */,
				61B5287E2BD10C2D00974CA0 /* Router */,
				618C78112BC994270033CD0D /* Error */,
				618C77432BC703960033CD0D /* HTTPHeader.swift */,
				618C774B2BC704F40033CD0D /* TargetType.swift */,
				618C77492BC7046E0033CD0D /* APIKey.swift */,
				618C77452BC703B30033CD0D /* Query */,
				618C78A52BD04F0D0033CD0D /* AuthInterceptor.swift */,
			);
			path = Network;
			sourceTree = "<group>";
		};
		618C76E42BC6EF7F0033CD0D /* Base */ = {
			isa = PBXGroup;
			children = (
				618C77172BC6F4B70033CD0D /* BaseView.swift */,
				618C771C2BC6F51B0033CD0D /* BaseViewController.swift */,
				618C77232BC6F5850033CD0D /* BaseCollectionViewCell.swift */,
			);
			path = Base;
			sourceTree = "<group>";
		};
		618C76E52BC6EF850033CD0D /* CustomView */ = {
			isa = PBXGroup;
			children = (
				61130D1C2BD7F1CF002D03C1 /* ImageView */,
				61130D162BD7E07C002D03C1 /* Label */,
				61130D152BD7E06B002D03C1 /* View */,
				61130D142BD7E05B002D03C1 /* Button */,
				618C772C2BC6F6A60033CD0D /* SignTextField.swift */,
			);
			path = CustomView;
			sourceTree = "<group>";
		};
		618C76E62BC6EF8D0033CD0D /* Model */ = {
			isa = PBXGroup;
			children = (
				618C77592BC846C50033CD0D /* BaseResponse.swift */,
				618C775D2BC848450033CD0D /* Auth.swift */,
				618C775F2BC848580033CD0D /* Profile.swift */,
				61B528882BD1107A00974CA0 /* Post.swift */,
				6147470B2BD6BA4600B9B670 /* Place.swift */,
			);
			path = Model;
			sourceTree = "<group>";
		};
		618C76E72BC6EF940033CD0D /* Scene */ = {
			isa = PBXGroup;
			children = (
				614746F52BD6A3B200B9B670 /* CreatePost */,
				618C77252BC6F5DE0033CD0D /* Sign */,
				618C77092BC6F1400033CD0D /* Home */,
				618C770A2BC6F1450033CD0D /* Map */,
				618C770B2BC6F1490033CD0D /* Profile */,
				618C77072BC6F1210033CD0D /* TabBarController.swift */,
			);
			path = Scene;
			sourceTree = "<group>";
		};
		618C76E82BC6EFBD0033CD0D /* Fonts */ = {
			isa = PBXGroup;
			children = (
				618C76EF2BC6EFCD0033CD0D /* Pretendard-Black.otf */,
				618C76ED2BC6EFCD0033CD0D /* Pretendard-Bold.otf */,
				618C76EE2BC6EFCD0033CD0D /* Pretendard-ExtraBold.otf */,
				618C76E92BC6EFCD0033CD0D /* Pretendard-ExtraLight.otf */,
				618C76F02BC6EFCD0033CD0D /* Pretendard-Light.otf */,
				618C76EA2BC6EFCD0033CD0D /* Pretendard-Medium.otf */,
				618C76F12BC6EFCE0033CD0D /* Pretendard-Regular.otf */,
				618C76EB2BC6EFCD0033CD0D /* Pretendard-SemiBold.otf */,
				618C76EC2BC6EFCD0033CD0D /* Pretendard-Thin.otf */,
			);
			path = Fonts;
			sourceTree = "<group>";
		};
		618C76FB2BC6EFE70033CD0D /* Extension */ = {
			isa = PBXGroup;
			children = (
				618C76FC2BC6EFFA0033CD0D /* UIFont+Pretendard.swift */,
				618C77302BC6F8130033CD0D /* UIView+Extension.swift */,
				618C77322BC6F8E70033CD0D /* UIViewController+Extension.swift */,
				618C77342BC6F9AD0033CD0D /* UITextField+Extension.swift */,
				618C78AB2BD051DE0033CD0D /* NotificationName+Extension.swift */,
				61B5288E2BD13B7800974CA0 /* KingfisherWrapper+Extension.swift */,
				614747032BD6A8CD00B9B670 /* UILabel+Extension.swift */,
				614747052BD6A96100B9B670 /* UIStackView+Extension.swift */,
			);
			path = Extension;
			sourceTree = "<group>";
		};
		618C76FE2BC6F0310033CD0D /* Enum */ = {
			isa = PBXGroup;
			children = (
				618C76FF2BC6F03A0033CD0D /* Color.swift */,
				618C77022BC6F0D50033CD0D /* Image.swift */,
				618C77042BC6F0FD0033CD0D /* TabItem.swift */,
				618C78662BCD6FD80033CD0D /* SettingItem.swift */,
				616DCE0D2BD50CC50042BDC0 /* FilterItem.swift */,
			);
			path = Enum;
			sourceTree = "<group>";
		};
		618C77092BC6F1400033CD0D /* Home */ = {
			isa = PBXGroup;
			children = (
				618C781C2BC9AC490033CD0D /* ViewModel */,
				618C781B2BC9AC450033CD0D /* View */,
			);
			path = Home;
			sourceTree = "<group>";
		};
		618C770A2BC6F1450033CD0D /* Map */ = {
			isa = PBXGroup;
			children = (
				618C770E2BC6F1740033CD0D /* MapViewController.swift */,
			);
			path = Map;
			sourceTree = "<group>";
		};
		618C770B2BC6F1490033CD0D /* Profile */ = {
			isa = PBXGroup;
			children = (
				618C785F2BCD6F710033CD0D /* Setting */,
				618C78222BC9AF380033CD0D /* ViewModel */,
				618C78212BC9AF320033CD0D /* View */,
			);
			path = Profile;
			sourceTree = "<group>";
		};
		618C77252BC6F5DE0033CD0D /* Sign */ = {
			isa = PBXGroup;
			children = (
				618C77272BC6F5ED0033CD0D /* SignUp */,
				618C77262BC6F5E60033CD0D /* SignIn */,
			);
			name = Sign;
			sourceTree = "<group>";
		};
		618C77262BC6F5E60033CD0D /* SignIn */ = {
			isa = PBXGroup;
			children = (
				618C77362BC6FACB0033CD0D /* View */,
				618C77372BC6FAD20033CD0D /* ViewModel */,
			);
			name = SignIn;
			sourceTree = "<group>";
		};
		618C77272BC6F5ED0033CD0D /* SignUp */ = {
			isa = PBXGroup;
			children = (
				618C773D2BC6FC780033CD0D /* View */,
				618C773E2BC6FC7B0033CD0D /* ViewModel */,
			);
			name = SignUp;
			sourceTree = "<group>";
		};
		618C77362BC6FACB0033CD0D /* View */ = {
			isa = PBXGroup;
			children = (
				618C77282BC6F60F0033CD0D /* SignInViewController.swift */,
				618C772A2BC6F6220033CD0D /* SingInView.swift */,
			);
			name = View;
			sourceTree = "<group>";
		};
		618C77372BC6FAD20033CD0D /* ViewModel */ = {
			isa = PBXGroup;
			children = (
				618C77382BC6FAED0033CD0D /* SignInViewModel.swift */,
			);
			name = ViewModel;
			sourceTree = "<group>";
		};
		618C773A2BC6FB180033CD0D /* Protocol */ = {
			isa = PBXGroup;
			children = (
				618C773B2BC6FB260033CD0D /* ViewModelType.swift */,
				618C786C2BCD70830033CD0D /* Reuse.swift */,
			);
			path = Protocol;
			sourceTree = "<group>";
		};
		618C773D2BC6FC780033CD0D /* View */ = {
			isa = PBXGroup;
			children = (
				618C773F2BC6FC8B0033CD0D /* SignUpViewController.swift */,
				618C77412BC6FEF50033CD0D /* SignUpView.swift */,
			);
			name = View;
			sourceTree = "<group>";
		};
		618C773E2BC6FC7B0033CD0D /* ViewModel */ = {
			isa = PBXGroup;
			children = (
				618C77522BC7065D0033CD0D /* SignUpViewModel.swift */,
			);
			name = ViewModel;
			sourceTree = "<group>";
		};
		618C77452BC703B30033CD0D /* Query */ = {
			isa = PBXGroup;
			children = (
				618C77462BC703BD0033CD0D /* LoginQuery.swift */,
				618C77612BC8D3C80033CD0D /* ValidationQuery.swift */,
				618C78162BC9A03A0033CD0D /* JoinQuery.swift */,
				61B528822BD10E8A00974CA0 /* FetchPostQuery.swift */,
			);
			path = Query;
			sourceTree = "<group>";
		};
		618C78112BC994270033CD0D /* Error */ = {
			isa = PBXGroup;
			children = (
				618C78122BC994570033CD0D /* APIError.swift */,
				618C78142BC994610033CD0D /* AuthError.swift */,
				61B528862BD10FF600974CA0 /* PostError.swift */,
			);
			path = Error;
			sourceTree = "<group>";
		};
		618C78182BC9A8FD0033CD0D /* Manager */ = {
			isa = PBXGroup;
			children = (
				618C78192BC9A9090033CD0D /* UserDefaultManager.swift */,
				61B5288A2BD12F6E00974CA0 /* FormatterManager.swift */,
			);
			path = Manager;
			sourceTree = "<group>";
		};
		618C781B2BC9AC450033CD0D /* View */ = {
			isa = PBXGroup;
			children = (
				614746F42BD6A39800B9B670 /* Cell */,
				618C770C2BC6F15E0033CD0D /* HomeViewController.swift */,
				618C781D2BC9AC6E0033CD0D /* HomeView.swift */,
			);
			path = View;
			sourceTree = "<group>";
		};
		618C781C2BC9AC490033CD0D /* ViewModel */ = {
			isa = PBXGroup;
			children = (
				618C781F2BC9ACA60033CD0D /* HomeViewModel.swift */,
			);
			path = ViewModel;
			sourceTree = "<group>";
		};
		618C78212BC9AF320033CD0D /* View */ = {
			isa = PBXGroup;
			children = (
				618C77142BC6F4450033CD0D /* ProfileViewController.swift */,
				618C78232BC9AF5E0033CD0D /* ProfileView.swift */,
			);
			path = View;
			sourceTree = "<group>";
		};
		618C78222BC9AF380033CD0D /* ViewModel */ = {
			isa = PBXGroup;
			children = (
				618C78252BC9AF7B0033CD0D /* ProfileViewModel.swift */,
			);
			path = ViewModel;
			sourceTree = "<group>";
		};
		618C785F2BCD6F710033CD0D /* Setting */ = {
			isa = PBXGroup;
			children = (
				618C78612BCD6F7C0033CD0D /* View */,
				618C78602BCD6F770033CD0D /* ViewModel */,
			);
			path = Setting;
			sourceTree = "<group>";
		};
		618C78602BCD6F770033CD0D /* ViewModel */ = {
			isa = PBXGroup;
			children = (
				618C78622BCD6F850033CD0D /* SettingViewModel.swift */,
			);
			path = ViewModel;
			sourceTree = "<group>";
		};
		618C78612BCD6F7C0033CD0D /* View */ = {
			isa = PBXGroup;
			children = (
				618C78642BCD6FC20033CD0D /* SettingCollectionViewCell.swift */,
				618C78682BCD6FF40033CD0D /* SettingViewController.swift */,
				618C786A2BCD70120033CD0D /* SettingView.swift */,
			);
			path = View;
			sourceTree = "<group>";
		};
		61B5287E2BD10C2D00974CA0 /* Router */ = {
			isa = PBXGroup;
			children = (
				618C77502BC705310033CD0D /* AuthRouter.swift */,
				61B528802BD10C6000974CA0 /* PostRouter.swift */,
				614747072BD6AAF500B9B670 /* KakaoPlaceRouter.swift */,
			);
			path = Router;
			sourceTree = "<group>";
		};
		61B5287F2BD10C4300974CA0 /* Manager */ = {
			isa = PBXGroup;
			children = (
				618C78A72BD0502C0033CD0D /* NetworkManager.swift */,
				618C775B2BC847FD0033CD0D /* AuthNetworkManager.swift */,
				61B528842BD10F9800974CA0 /* PostNetworkManager.swift */,
				614747092BD6AC4700B9B670 /* KakaoNetworkManager.swift */,
			);
			path = Manager;
			sourceTree = "<group>";
		};
/* End PBXGroup section */

/* Begin PBXNativeTarget section */
		618C76C42BC6EE4B0033CD0D /* SweetLog */ = {
			isa = PBXNativeTarget;
			buildConfigurationList = 618C76D92BC6EE4D0033CD0D /* Build configuration list for PBXNativeTarget "SweetLog" */;
			buildPhases = (
				618C76C12BC6EE4B0033CD0D /* Sources */,
				618C76C22BC6EE4B0033CD0D /* Frameworks */,
				618C76C32BC6EE4B0033CD0D /* Resources */,
			);
			buildRules = (
			);
			dependencies = (
			);
			name = SweetLog;
			packageProductDependencies = (
				618C771A2BC6F4D80033CD0D /* SnapKit */,
				618C771F2BC6F5370033CD0D /* RxCocoa */,
				618C77212BC6F5370033CD0D /* RxSwift */,
				618C774E2BC705080033CD0D /* Alamofire */,
				618C77642BC97F560033CD0D /* Toast */,
				61B528912BD13B8E00974CA0 /* Kingfisher */,
			);
			productName = SweetLog;
			productReference = 618C76C52BC6EE4B0033CD0D /* SweetLog.app */;
			productType = "com.apple.product-type.application";
		};
/* End PBXNativeTarget section */

/* Begin PBXProject section */
		618C76BD2BC6EE4B0033CD0D /* Project object */ = {
			isa = PBXProject;
			attributes = {
				BuildIndependentTargetsInParallel = 1;
				LastSwiftUpdateCheck = 1530;
				LastUpgradeCheck = 1530;
				TargetAttributes = {
					618C76C42BC6EE4B0033CD0D = {
						CreatedOnToolsVersion = 15.3;
					};
				};
			};
			buildConfigurationList = 618C76C02BC6EE4B0033CD0D /* Build configuration list for PBXProject "SweetLog" */;
			compatibilityVersion = "Xcode 14.0";
			developmentRegion = en;
			hasScannedForEncodings = 0;
			knownRegions = (
				en,
				Base,
			);
			mainGroup = 618C76BC2BC6EE4B0033CD0D;
			packageReferences = (
				618C77192BC6F4D80033CD0D /* XCRemoteSwiftPackageReference "SnapKit" */,
				618C771E2BC6F5370033CD0D /* XCRemoteSwiftPackageReference "RxSwift" */,
				618C774D2BC705080033CD0D /* XCRemoteSwiftPackageReference "Alamofire" */,
				618C77632BC97F560033CD0D /* XCRemoteSwiftPackageReference "Toast-Swift" */,
				61B528902BD13B8E00974CA0 /* XCRemoteSwiftPackageReference "Kingfisher" */,
			);
			productRefGroup = 618C76C62BC6EE4B0033CD0D /* Products */;
			projectDirPath = "";
			projectRoot = "";
			targets = (
				618C76C42BC6EE4B0033CD0D /* SweetLog */,
			);
		};
/* End PBXProject section */

/* Begin PBXResourcesBuildPhase section */
		618C76C32BC6EE4B0033CD0D /* Resources */ = {
			isa = PBXResourcesBuildPhase;
			buildActionMask = 2147483647;
			files = (
				618C76DD2BC6EEA90033CD0D /* .gitignore in Resources */,
				618C76E22BC6EF5C0033CD0D /* Colors.xcassets in Resources */,
				618C76F72BC6EFCE0033CD0D /* Pretendard-ExtraBold.otf in Resources */,
				618C76F42BC6EFCE0033CD0D /* Pretendard-SemiBold.otf in Resources */,
				618C76FA2BC6EFCE0033CD0D /* Pretendard-Regular.otf in Resources */,
				618C76F52BC6EFCE0033CD0D /* Pretendard-Thin.otf in Resources */,
				618C76F92BC6EFCE0033CD0D /* Pretendard-Light.otf in Resources */,
				618C76F22BC6EFCE0033CD0D /* Pretendard-ExtraLight.otf in Resources */,
				618C76F82BC6EFCE0033CD0D /* Pretendard-Black.otf in Resources */,
				618C76D22BC6EE4D0033CD0D /* Assets.xcassets in Resources */,
				618C76D52BC6EE4D0033CD0D /* Base in Resources */,
				618C76F62BC6EFCE0033CD0D /* Pretendard-Bold.otf in Resources */,
				618C76F32BC6EFCE0033CD0D /* Pretendard-Medium.otf in Resources */,
			);
			runOnlyForDeploymentPostprocessing = 0;
		};
/* End PBXResourcesBuildPhase section */

/* Begin PBXSourcesBuildPhase section */
		618C76C12BC6EE4B0033CD0D /* Sources */ = {
			isa = PBXSourcesBuildPhase;
			buildActionMask = 2147483647;
			files = (
				618C78A62BD04F0D0033CD0D /* AuthInterceptor.swift in Sources */,
				618C773C2BC6FB260033CD0D /* ViewModelType.swift in Sources */,
				614747142BD6C51100B9B670 /* CreatePostViewModel.swift in Sources */,
				61130D1E2BD7F1DB002D03C1 /* PhotoImageView.swift in Sources */,
				618C77292BC6F60F0033CD0D /* SignInViewController.swift in Sources */,
				618C76FD2BC6EFFA0033CD0D /* UIFont+Pretendard.swift in Sources */,
				618C77002BC6F03A0033CD0D /* Color.swift in Sources */,
				614747062BD6A96100B9B670 /* UIStackView+Extension.swift in Sources */,
				61130D1B2BD7F189002D03C1 /* PhotoCollectionViewCell.swift in Sources */,
				61B528892BD1107A00974CA0 /* Post.swift in Sources */,
				618C77422BC6FEF50033CD0D /* SignUpView.swift in Sources */,
				618C78672BCD6FD80033CD0D /* SettingItem.swift in Sources */,
				618C77622BC8D3C80033CD0D /* ValidationQuery.swift in Sources */,
				618C77162BC6F4620033CD0D /* ProfileViewController.swift in Sources */,
				61130D112BD7DCA5002D03C1 /* MenuButton.swift in Sources */,
				614746FC2BD6A40700B9B670 /* SearchPlaceView.swift in Sources */,
				618C78652BCD6FC20033CD0D /* SettingCollectionViewCell.swift in Sources */,
				618C77472BC703BD0033CD0D /* LoginQuery.swift in Sources */,
				614747082BD6AAF500B9B670 /* KakaoPlaceRouter.swift in Sources */,
				618C775E2BC848450033CD0D /* Auth.swift in Sources */,
				614747042BD6A8CD00B9B670 /* UILabel+Extension.swift in Sources */,
				618C774A2BC7046E0033CD0D /* APIKey.swift in Sources */,
				618C786D2BCD70830033CD0D /* Reuse.swift in Sources */,
				618C78132BC994570033CD0D /* APIError.swift in Sources */,
				618C77052BC6F0FD0033CD0D /* TabItem.swift in Sources */,
				616DCE102BD513150042BDC0 /* FilterCollectionViewCell.swift in Sources */,
				618C78A82BD0502C0033CD0D /* NetworkManager.swift in Sources */,
				618C781E2BC9AC6E0033CD0D /* HomeView.swift in Sources */,
				618C78242BC9AF5E0033CD0D /* ProfileView.swift in Sources */,
				618C77402BC6FC8B0033CD0D /* SignUpViewController.swift in Sources */,
				618C77352BC6F9AD0033CD0D /* UITextField+Extension.swift in Sources */,
				61B528832BD10E8A00974CA0 /* FetchPostQuery.swift in Sources */,
				618C76C92BC6EE4B0033CD0D /* AppDelegate.swift in Sources */,
				618C771D2BC6F51B0033CD0D /* BaseViewController.swift in Sources */,
				614747102BD6C4B400B9B670 /* CreatePostViewController.swift in Sources */,
				618C78262BC9AF7B0033CD0D /* ProfileViewModel.swift in Sources */,
				618C77392BC6FAED0033CD0D /* SignInViewModel.swift in Sources */,
				618C770F2BC6F1740033CD0D /* MapViewController.swift in Sources */,
				61B5287D2BD1034C00974CA0 /* PostCollectionViewCell.swift in Sources */,
				618C775C2BC847FD0033CD0D /* AuthNetworkManager.swift in Sources */,
				618C77332BC6F8E70033CD0D /* UIViewController+Extension.swift in Sources */,
				618C78172BC9A03A0033CD0D /* JoinQuery.swift in Sources */,
				618C77582BC8379D0033CD0D /* SignLabel.swift in Sources */,
				618C78632BCD6F850033CD0D /* SettingViewModel.swift in Sources */,
				61B5288D2BD1313B00974CA0 /* PostInfoView.swift in Sources */,
				616DCE0E2BD50CC50042BDC0 /* FilterItem.swift in Sources */,
				618C772D2BC6F6A60033CD0D /* SignTextField.swift in Sources */,
				614747122BD6C4E200B9B670 /* CreatePostView.swift in Sources */,
				616DCE0C2BD509BB0042BDC0 /* FilterButton.swift in Sources */,
				61B528872BD10FF600974CA0 /* PostError.swift in Sources */,
				616DCE082BD4FABD0042BDC0 /* PostImageView.swift in Sources */,
				618C77082BC6F1210033CD0D /* TabBarController.swift in Sources */,
				618C76CB2BC6EE4B0033CD0D /* SceneDelegate.swift in Sources */,
				614746F72BD6A3CE00B9B670 /* SelectPlaceViewController.swift in Sources */,
				618C77442BC703960033CD0D /* HTTPHeader.swift in Sources */,
				618C78AC2BD051DE0033CD0D /* NotificationName+Extension.swift in Sources */,
				618C774C2BC704F40033CD0D /* TargetType.swift in Sources */,
				618C77512BC705310033CD0D /* AuthRouter.swift in Sources */,
				618C775A2BC846C50033CD0D /* BaseResponse.swift in Sources */,
				61130D182BD7EEEC002D03C1 /* AddPhotoImageView.swift in Sources */,
				618C78692BCD6FF40033CD0D /* SettingViewController.swift in Sources */,
				618C77532BC7065D0033CD0D /* SignUpViewModel.swift in Sources */,
				61B528812BD10C6000974CA0 /* PostRouter.swift in Sources */,
				618C770D2BC6F15E0033CD0D /* HomeViewController.swift in Sources */,
				618C77312BC6F8130033CD0D /* UIView+Extension.swift in Sources */,
				61B5288B2BD12F6E00974CA0 /* FormatterManager.swift in Sources */,
				614747022BD6A87F00B9B670 /* PlaceCollectionViewCell.swift in Sources */,
				614746FE2BD6A43700B9B670 /* SelectPlaceViewModel.swift in Sources */,
				618C77182BC6F4B70033CD0D /* BaseView.swift in Sources */,
				61B528852BD10F9800974CA0 /* PostNetworkManager.swift in Sources */,
				61130D132BD7DFC8002D03C1 /* SugarButton.swift in Sources */,
				6147470A2BD6AC4800B9B670 /* KakaoNetworkManager.swift in Sources */,
				61130D0F2BD7C1CA002D03C1 /* PlaceInfoView.swift in Sources */,
				618C77242BC6F5850033CD0D /* BaseCollectionViewCell.swift in Sources */,
				618C781A2BC9A9090033CD0D /* UserDefaultManager.swift in Sources */,
				618C77602BC848580033CD0D /* Profile.swift in Sources */,
				618C78202BC9ACA60033CD0D /* HomeViewModel.swift in Sources */,
				618C78152BC994610033CD0D /* AuthError.swift in Sources */,
				6147470C2BD6BA4600B9B670 /* Place.swift in Sources */,
				61B5288F2BD13B7800974CA0 /* KingfisherWrapper+Extension.swift in Sources */,
				618C786B2BCD70120033CD0D /* SettingView.swift in Sources */,
				618C772B2BC6F6220033CD0D /* SingInView.swift in Sources */,
				618C77032BC6F0D50033CD0D /* Image.swift in Sources */,
				618C772F2BC6F7950033CD0D /* SignButton.swift in Sources */,
			);
			runOnlyForDeploymentPostprocessing = 0;
		};
/* End PBXSourcesBuildPhase section */

/* Begin PBXVariantGroup section */
		618C76D32BC6EE4D0033CD0D /* LaunchScreen.storyboard */ = {
			isa = PBXVariantGroup;
			children = (
				618C76D42BC6EE4D0033CD0D /* Base */,
			);
			name = LaunchScreen.storyboard;
			sourceTree = "<group>";
		};
/* End PBXVariantGroup section */

/* Begin XCBuildConfiguration section */
		618C76D72BC6EE4D0033CD0D /* Debug */ = {
			isa = XCBuildConfiguration;
			buildSettings = {
				ALWAYS_SEARCH_USER_PATHS = NO;
				ASSETCATALOG_COMPILER_GENERATE_SWIFT_ASSET_SYMBOL_EXTENSIONS = YES;
				CLANG_ANALYZER_NONNULL = YES;
				CLANG_ANALYZER_NUMBER_OBJECT_CONVERSION = YES_AGGRESSIVE;
				CLANG_CXX_LANGUAGE_STANDARD = "gnu++20";
				CLANG_ENABLE_MODULES = YES;
				CLANG_ENABLE_OBJC_ARC = YES;
				CLANG_ENABLE_OBJC_WEAK = YES;
				CLANG_WARN_BLOCK_CAPTURE_AUTORELEASING = YES;
				CLANG_WARN_BOOL_CONVERSION = YES;
				CLANG_WARN_COMMA = YES;
				CLANG_WARN_CONSTANT_CONVERSION = YES;
				CLANG_WARN_DEPRECATED_OBJC_IMPLEMENTATIONS = YES;
				CLANG_WARN_DIRECT_OBJC_ISA_USAGE = YES_ERROR;
				CLANG_WARN_DOCUMENTATION_COMMENTS = YES;
				CLANG_WARN_EMPTY_BODY = YES;
				CLANG_WARN_ENUM_CONVERSION = YES;
				CLANG_WARN_INFINITE_RECURSION = YES;
				CLANG_WARN_INT_CONVERSION = YES;
				CLANG_WARN_NON_LITERAL_NULL_CONVERSION = YES;
				CLANG_WARN_OBJC_IMPLICIT_RETAIN_SELF = YES;
				CLANG_WARN_OBJC_LITERAL_CONVERSION = YES;
				CLANG_WARN_OBJC_ROOT_CLASS = YES_ERROR;
				CLANG_WARN_QUOTED_INCLUDE_IN_FRAMEWORK_HEADER = YES;
				CLANG_WARN_RANGE_LOOP_ANALYSIS = YES;
				CLANG_WARN_STRICT_PROTOTYPES = YES;
				CLANG_WARN_SUSPICIOUS_MOVE = YES;
				CLANG_WARN_UNGUARDED_AVAILABILITY = YES_AGGRESSIVE;
				CLANG_WARN_UNREACHABLE_CODE = YES;
				CLANG_WARN__DUPLICATE_METHOD_MATCH = YES;
				COPY_PHASE_STRIP = NO;
				DEBUG_INFORMATION_FORMAT = dwarf;
				ENABLE_STRICT_OBJC_MSGSEND = YES;
				ENABLE_TESTABILITY = YES;
				ENABLE_USER_SCRIPT_SANDBOXING = YES;
				GCC_C_LANGUAGE_STANDARD = gnu17;
				GCC_DYNAMIC_NO_PIC = NO;
				GCC_NO_COMMON_BLOCKS = YES;
				GCC_OPTIMIZATION_LEVEL = 0;
				GCC_PREPROCESSOR_DEFINITIONS = (
					"DEBUG=1",
					"$(inherited)",
				);
				GCC_WARN_64_TO_32_BIT_CONVERSION = YES;
				GCC_WARN_ABOUT_RETURN_TYPE = YES_ERROR;
				GCC_WARN_UNDECLARED_SELECTOR = YES;
				GCC_WARN_UNINITIALIZED_AUTOS = YES_AGGRESSIVE;
				GCC_WARN_UNUSED_FUNCTION = YES;
				GCC_WARN_UNUSED_VARIABLE = YES;
				IPHONEOS_DEPLOYMENT_TARGET = 17.4;
				LOCALIZATION_PREFERS_STRING_CATALOGS = YES;
				MTL_ENABLE_DEBUG_INFO = INCLUDE_SOURCE;
				MTL_FAST_MATH = YES;
				ONLY_ACTIVE_ARCH = YES;
				SDKROOT = iphoneos;
				SWIFT_ACTIVE_COMPILATION_CONDITIONS = "DEBUG $(inherited)";
				SWIFT_OPTIMIZATION_LEVEL = "-Onone";
			};
			name = Debug;
		};
		618C76D82BC6EE4D0033CD0D /* Release */ = {
			isa = XCBuildConfiguration;
			buildSettings = {
				ALWAYS_SEARCH_USER_PATHS = NO;
				ASSETCATALOG_COMPILER_GENERATE_SWIFT_ASSET_SYMBOL_EXTENSIONS = YES;
				CLANG_ANALYZER_NONNULL = YES;
				CLANG_ANALYZER_NUMBER_OBJECT_CONVERSION = YES_AGGRESSIVE;
				CLANG_CXX_LANGUAGE_STANDARD = "gnu++20";
				CLANG_ENABLE_MODULES = YES;
				CLANG_ENABLE_OBJC_ARC = YES;
				CLANG_ENABLE_OBJC_WEAK = YES;
				CLANG_WARN_BLOCK_CAPTURE_AUTORELEASING = YES;
				CLANG_WARN_BOOL_CONVERSION = YES;
				CLANG_WARN_COMMA = YES;
				CLANG_WARN_CONSTANT_CONVERSION = YES;
				CLANG_WARN_DEPRECATED_OBJC_IMPLEMENTATIONS = YES;
				CLANG_WARN_DIRECT_OBJC_ISA_USAGE = YES_ERROR;
				CLANG_WARN_DOCUMENTATION_COMMENTS = YES;
				CLANG_WARN_EMPTY_BODY = YES;
				CLANG_WARN_ENUM_CONVERSION = YES;
				CLANG_WARN_INFINITE_RECURSION = YES;
				CLANG_WARN_INT_CONVERSION = YES;
				CLANG_WARN_NON_LITERAL_NULL_CONVERSION = YES;
				CLANG_WARN_OBJC_IMPLICIT_RETAIN_SELF = YES;
				CLANG_WARN_OBJC_LITERAL_CONVERSION = YES;
				CLANG_WARN_OBJC_ROOT_CLASS = YES_ERROR;
				CLANG_WARN_QUOTED_INCLUDE_IN_FRAMEWORK_HEADER = YES;
				CLANG_WARN_RANGE_LOOP_ANALYSIS = YES;
				CLANG_WARN_STRICT_PROTOTYPES = YES;
				CLANG_WARN_SUSPICIOUS_MOVE = YES;
				CLANG_WARN_UNGUARDED_AVAILABILITY = YES_AGGRESSIVE;
				CLANG_WARN_UNREACHABLE_CODE = YES;
				CLANG_WARN__DUPLICATE_METHOD_MATCH = YES;
				COPY_PHASE_STRIP = NO;
				DEBUG_INFORMATION_FORMAT = "dwarf-with-dsym";
				ENABLE_NS_ASSERTIONS = NO;
				ENABLE_STRICT_OBJC_MSGSEND = YES;
				ENABLE_USER_SCRIPT_SANDBOXING = YES;
				GCC_C_LANGUAGE_STANDARD = gnu17;
				GCC_NO_COMMON_BLOCKS = YES;
				GCC_WARN_64_TO_32_BIT_CONVERSION = YES;
				GCC_WARN_ABOUT_RETURN_TYPE = YES_ERROR;
				GCC_WARN_UNDECLARED_SELECTOR = YES;
				GCC_WARN_UNINITIALIZED_AUTOS = YES_AGGRESSIVE;
				GCC_WARN_UNUSED_FUNCTION = YES;
				GCC_WARN_UNUSED_VARIABLE = YES;
				IPHONEOS_DEPLOYMENT_TARGET = 17.4;
				LOCALIZATION_PREFERS_STRING_CATALOGS = YES;
				MTL_ENABLE_DEBUG_INFO = NO;
				MTL_FAST_MATH = YES;
				SDKROOT = iphoneos;
				SWIFT_COMPILATION_MODE = wholemodule;
				VALIDATE_PRODUCT = YES;
			};
			name = Release;
		};
		618C76DA2BC6EE4D0033CD0D /* Debug */ = {
			isa = XCBuildConfiguration;
			buildSettings = {
				ASSETCATALOG_COMPILER_APPICON_NAME = AppIcon;
				ASSETCATALOG_COMPILER_GLOBAL_ACCENT_COLOR_NAME = AccentColor;
				CODE_SIGN_STYLE = Automatic;
				CURRENT_PROJECT_VERSION = 1;
				DEVELOPMENT_TEAM = T2Q8P9627P;
				GENERATE_INFOPLIST_FILE = YES;
				INFOPLIST_FILE = SweetLog/Info.plist;
				INFOPLIST_KEY_CFBundleDisplayName = "달콤로그";
				INFOPLIST_KEY_UIApplicationSupportsIndirectInputEvents = YES;
				INFOPLIST_KEY_UILaunchStoryboardName = LaunchScreen;
				INFOPLIST_KEY_UISupportedInterfaceOrientations = UIInterfaceOrientationPortrait;
				INFOPLIST_KEY_UISupportedInterfaceOrientations_iPad = "UIInterfaceOrientationLandscapeLeft UIInterfaceOrientationLandscapeRight UIInterfaceOrientationPortrait UIInterfaceOrientationPortraitUpsideDown";
				IPHONEOS_DEPLOYMENT_TARGET = 16.0;
				LD_RUNPATH_SEARCH_PATHS = (
					"$(inherited)",
					"@executable_path/Frameworks",
				);
				MARKETING_VERSION = 1.0;
				PRODUCT_BUNDLE_IDENTIFIER = com.yuz.SweetLog;
				PRODUCT_NAME = "$(TARGET_NAME)";
				SUPPORTED_PLATFORMS = "iphoneos iphonesimulator";
				SUPPORTS_MACCATALYST = NO;
				SUPPORTS_MAC_DESIGNED_FOR_IPHONE_IPAD = NO;
				SUPPORTS_XR_DESIGNED_FOR_IPHONE_IPAD = NO;
				SWIFT_EMIT_LOC_STRINGS = YES;
				SWIFT_VERSION = 5.0;
				TARGETED_DEVICE_FAMILY = 1;
			};
			name = Debug;
		};
		618C76DB2BC6EE4D0033CD0D /* Release */ = {
			isa = XCBuildConfiguration;
			buildSettings = {
				ASSETCATALOG_COMPILER_APPICON_NAME = AppIcon;
				ASSETCATALOG_COMPILER_GLOBAL_ACCENT_COLOR_NAME = AccentColor;
				CODE_SIGN_STYLE = Automatic;
				CURRENT_PROJECT_VERSION = 1;
				DEVELOPMENT_TEAM = T2Q8P9627P;
				GENERATE_INFOPLIST_FILE = YES;
				INFOPLIST_FILE = SweetLog/Info.plist;
				INFOPLIST_KEY_CFBundleDisplayName = "달콤로그";
				INFOPLIST_KEY_UIApplicationSupportsIndirectInputEvents = YES;
				INFOPLIST_KEY_UILaunchStoryboardName = LaunchScreen;
				INFOPLIST_KEY_UISupportedInterfaceOrientations = UIInterfaceOrientationPortrait;
				INFOPLIST_KEY_UISupportedInterfaceOrientations_iPad = "UIInterfaceOrientationLandscapeLeft UIInterfaceOrientationLandscapeRight UIInterfaceOrientationPortrait UIInterfaceOrientationPortraitUpsideDown";
				IPHONEOS_DEPLOYMENT_TARGET = 16.0;
				LD_RUNPATH_SEARCH_PATHS = (
					"$(inherited)",
					"@executable_path/Frameworks",
				);
				MARKETING_VERSION = 1.0;
				PRODUCT_BUNDLE_IDENTIFIER = com.yuz.SweetLog;
				PRODUCT_NAME = "$(TARGET_NAME)";
				SUPPORTED_PLATFORMS = "iphoneos iphonesimulator";
				SUPPORTS_MACCATALYST = NO;
				SUPPORTS_MAC_DESIGNED_FOR_IPHONE_IPAD = NO;
				SUPPORTS_XR_DESIGNED_FOR_IPHONE_IPAD = NO;
				SWIFT_EMIT_LOC_STRINGS = YES;
				SWIFT_VERSION = 5.0;
				TARGETED_DEVICE_FAMILY = 1;
			};
			name = Release;
		};
/* End XCBuildConfiguration section */

/* Begin XCConfigurationList section */
		618C76C02BC6EE4B0033CD0D /* Build configuration list for PBXProject "SweetLog" */ = {
			isa = XCConfigurationList;
			buildConfigurations = (
				618C76D72BC6EE4D0033CD0D /* Debug */,
				618C76D82BC6EE4D0033CD0D /* Release */,
			);
			defaultConfigurationIsVisible = 0;
			defaultConfigurationName = Release;
		};
		618C76D92BC6EE4D0033CD0D /* Build configuration list for PBXNativeTarget "SweetLog" */ = {
			isa = XCConfigurationList;
			buildConfigurations = (
				618C76DA2BC6EE4D0033CD0D /* Debug */,
				618C76DB2BC6EE4D0033CD0D /* Release */,
			);
			defaultConfigurationIsVisible = 0;
			defaultConfigurationName = Release;
		};
/* End XCConfigurationList section */

/* Begin XCRemoteSwiftPackageReference section */
		618C77192BC6F4D80033CD0D /* XCRemoteSwiftPackageReference "SnapKit" */ = {
			isa = XCRemoteSwiftPackageReference;
			repositoryURL = "https://github.com/SnapKit/SnapKit";
			requirement = {
				kind = upToNextMajorVersion;
				minimumVersion = 5.7.1;
			};
		};
		618C771E2BC6F5370033CD0D /* XCRemoteSwiftPackageReference "RxSwift" */ = {
			isa = XCRemoteSwiftPackageReference;
			repositoryURL = "https://github.com/ReactiveX/RxSwift";
			requirement = {
				kind = upToNextMajorVersion;
				minimumVersion = 6.6.0;
			};
		};
		618C774D2BC705080033CD0D /* XCRemoteSwiftPackageReference "Alamofire" */ = {
			isa = XCRemoteSwiftPackageReference;
			repositoryURL = "https://github.com/Alamofire/Alamofire";
			requirement = {
				kind = upToNextMajorVersion;
				minimumVersion = 5.9.1;
			};
		};
		618C77632BC97F560033CD0D /* XCRemoteSwiftPackageReference "Toast-Swift" */ = {
			isa = XCRemoteSwiftPackageReference;
			repositoryURL = "https://github.com/scalessec/Toast-Swift";
			requirement = {
				kind = upToNextMajorVersion;
				minimumVersion = 5.1.1;
			};
		};
		61B528902BD13B8E00974CA0 /* XCRemoteSwiftPackageReference "Kingfisher" */ = {
			isa = XCRemoteSwiftPackageReference;
			repositoryURL = "https://github.com/onevcat/Kingfisher";
			requirement = {
				kind = upToNextMajorVersion;
				minimumVersion = 7.11.0;
			};
		};
/* End XCRemoteSwiftPackageReference section */

/* Begin XCSwiftPackageProductDependency section */
		618C771A2BC6F4D80033CD0D /* SnapKit */ = {
			isa = XCSwiftPackageProductDependency;
			package = 618C77192BC6F4D80033CD0D /* XCRemoteSwiftPackageReference "SnapKit" */;
			productName = SnapKit;
		};
		618C771F2BC6F5370033CD0D /* RxCocoa */ = {
			isa = XCSwiftPackageProductDependency;
			package = 618C771E2BC6F5370033CD0D /* XCRemoteSwiftPackageReference "RxSwift" */;
			productName = RxCocoa;
		};
		618C77212BC6F5370033CD0D /* RxSwift */ = {
			isa = XCSwiftPackageProductDependency;
			package = 618C771E2BC6F5370033CD0D /* XCRemoteSwiftPackageReference "RxSwift" */;
			productName = RxSwift;
		};
		618C774E2BC705080033CD0D /* Alamofire */ = {
			isa = XCSwiftPackageProductDependency;
			package = 618C774D2BC705080033CD0D /* XCRemoteSwiftPackageReference "Alamofire" */;
			productName = Alamofire;
		};
		618C77642BC97F560033CD0D /* Toast */ = {
			isa = XCSwiftPackageProductDependency;
			package = 618C77632BC97F560033CD0D /* XCRemoteSwiftPackageReference "Toast-Swift" */;
			productName = Toast;
		};
		61B528912BD13B8E00974CA0 /* Kingfisher */ = {
			isa = XCSwiftPackageProductDependency;
			package = 61B528902BD13B8E00974CA0 /* XCRemoteSwiftPackageReference "Kingfisher" */;
			productName = Kingfisher;
		};
/* End XCSwiftPackageProductDependency section */
	};
	rootObject = 618C76BD2BC6EE4B0033CD0D /* Project object */;
}
